
Microsoft Visual Studio Solution File, Format Version 12.00
# Visual Studio Version 17
VisualStudioVersion = 17.0.31919.166
MinimumVisualStudioVersion = 10.0.40219.1
Project("{2150E333-8FDC-42A3-9474-1A3956D46DE8}") = "src", "src", "{18BF4B25-F296-40C6-914F-28899618DDF2}"
EndProject
Project("{2150E333-8FDC-42A3-9474-1A3956D46DE8}") = "tests", "tests", "{89DCE8F5-57BF-4846-915D-D93A5BFEC649}"
EndProject
Project("{2150E333-8FDC-42A3-9474-1A3956D46DE8}") = "API", "API", "{61A5BDA0-123A-466B-8349-FF76A6ECD852}"
EndProject
Project("{2150E333-8FDC-42A3-9474-1A3956D46DE8}") = "Core", "Core", "{2A2694A6-F49C-43C4-A450-7512DB0C533E}"
EndProject
Project("{2150E333-8FDC-42A3-9474-1A3956D46DE8}") = "Infraesctructure", "Infraesctructure", "{0261820C-D4A8-4272-B4D8-741F323B7AC4}"
EndProject
Project("{FAE04EC0-301F-11D3-BF4B-00C04F79EFBC}") = "BookReview.Rating.Domain", "BookReview.Rating.Domain\BookReview.Rating.Domain.csproj", "{3152FD10-37B1-44CA-8E67-71CFE964AD1F}"
EndProject
Project("{FAE04EC0-301F-11D3-BF4B-00C04F79EFBC}") = "BookReview.Rating.Application", "BookReview.Rating.Application\BookReview.Rating.Application.csproj", "{B07C6772-6FF4-4B89-AC37-2E8DA1F68A87}"
EndProject
Project("{FAE04EC0-301F-11D3-BF4B-00C04F79EFBC}") = "BookReview.Rating.Infraestructure", "BookReview.Rating.Infraestructure\BookReview.Rating.Infraestructure.csproj", "{EAB732A0-D5D1-43F7-A482-CC1FF4E4B88D}"
EndProject
Project("{FAE04EC0-301F-11D3-BF4B-00C04F79EFBC}") = "BookReview.Rating.Api", "BookReview.Rating.Api\BookReview.Rating.Api.csproj", "{4C044B9A-91DD-493F-B16E-B600032B1B70}"
EndProject
Global
	GlobalSection(SolutionConfigurationPlatforms) = preSolution
		Debug|Any CPU = Debug|Any CPU
		Release|Any CPU = Release|Any CPU
	EndGlobalSection
	GlobalSection(ProjectConfigurationPlatforms) = postSolution
		{3152FD10-37B1-44CA-8E67-71CFE964AD1F}.Debug|Any CPU.ActiveCfg = Debug|Any CPU
		{3152FD10-37B1-44CA-8E67-71CFE964AD1F}.Debug|Any CPU.Build.0 = Debug|Any CPU
		{3152FD10-37B1-44CA-8E67-71CFE964AD1F}.Release|Any CPU.ActiveCfg = Release|Any CPU
		{3152FD10-37B1-44CA-8E67-71CFE964AD1F}.Release|Any CPU.Build.0 = Release|Any CPU
		{B07C6772-6FF4-4B89-AC37-2E8DA1F68A87}.Debug|Any CPU.ActiveCfg = Debug|Any CPU
		{B07C6772-6FF4-4B89-AC37-2E8DA1F68A87}.Debug|Any CPU.Build.0 = Debug|Any CPU
		{B07C6772-6FF4-4B89-AC37-2E8DA1F68A87}.Release|Any CPU.ActiveCfg = Release|Any CPU
		{B07C6772-6FF4-4B89-AC37-2E8DA1F68A87}.Release|Any CPU.Build.0 = Release|Any CPU
		{EAB732A0-D5D1-43F7-A482-CC1FF4E4B88D}.Debug|Any CPU.ActiveCfg = Debug|Any CPU
		{EAB732A0-D5D1-43F7-A482-CC1FF4E4B88D}.Debug|Any CPU.Build.0 = Debug|Any CPU
		{EAB732A0-D5D1-43F7-A482-CC1FF4E4B88D}.Release|Any CPU.ActiveCfg = Release|Any CPU
		{EAB732A0-D5D1-43F7-A482-CC1FF4E4B88D}.Release|Any CPU.Build.0 = Release|Any CPU
		{4C044B9A-91DD-493F-B16E-B600032B1B70}.Debug|Any CPU.ActiveCfg = Debug|Any CPU
		{4C044B9A-91DD-493F-B16E-B600032B1B70}.Debug|Any CPU.Build.0 = Debug|Any CPU
		{4C044B9A-91DD-493F-B16E-B600032B1B70}.Release|Any CPU.ActiveCfg = Release|Any CPU
		{4C044B9A-91DD-493F-B16E-B600032B1B70}.Release|Any CPU.Build.0 = Release|Any CPU
	EndGlobalSection
	GlobalSection(SolutionProperties) = preSolution
		HideSolutionNode = FALSE
	EndGlobalSection
	GlobalSection(NestedProjects) = preSolution
		{61A5BDA0-123A-466B-8349-FF76A6ECD852} = {18BF4B25-F296-40C6-914F-28899618DDF2}
		{2A2694A6-F49C-43C4-A450-7512DB0C533E} = {18BF4B25-F296-40C6-914F-28899618DDF2}
		{0261820C-D4A8-4272-B4D8-741F323B7AC4} = {18BF4B25-F296-40C6-914F-28899618DDF2}
		{3152FD10-37B1-44CA-8E67-71CFE964AD1F} = {2A2694A6-F49C-43C4-A450-7512DB0C533E}
		{B07C6772-6FF4-4B89-AC37-2E8DA1F68A87} = {2A2694A6-F49C-43C4-A450-7512DB0C533E}
		{EAB732A0-D5D1-43F7-A482-CC1FF4E4B88D} = {0261820C-D4A8-4272-B4D8-741F323B7AC4}
		{4C044B9A-91DD-493F-B16E-B600032B1B70} = {61A5BDA0-123A-466B-8349-FF76A6ECD852}
	EndGlobalSection
	GlobalSection(ExtensibilityGlobals) = postSolution
		SolutionGuid = {DB0CC34C-5671-472D-8A45-94635DEECFAD}
	EndGlobalSection
EndGlobal
